
Microsoft Visual Studio Solution File, Format Version 12.00
# Visual Studio Version 16
VisualStudioVersion = 16.0.33130.400
MinimumVisualStudioVersion = 10.0.40219.1
Project("{8BC9CEB8-8B4A-11D0-8D11-00A0C91BC942}") = "test_2_17", "test_2_17\test_2_17.vcxproj", "{AFA64EC8-7939-4EB1-8E4C-980F6262EB75}"
EndProject
Global
	GlobalSection(SolutionConfigurationPlatforms) = preSolution
		Debug|x64 = Debug|x64
		Debug|x86 = Debug|x86
		Release|x64 = Release|x64
		Release|x86 = Release|x86
	EndGlobalSection
	GlobalSection(ProjectConfigurationPlatforms) = postSolution
		{AFA64EC8-7939-4EB1-8E4C-980F6262EB75}.Debug|x64.ActiveCfg = Debug|x64
		{AFA64EC8-7939-4EB1-8E4C-980F6262EB75}.Debug|x64.Build.0 = Debug|x64
		{AFA64EC8-7939-4EB1-8E4C-980F6262EB75}.Debug|x86.ActiveCfg = Debug|Win32
		{AFA64EC8-7939-4EB1-8E4C-980F6262EB75}.Debug|x86.Build.0 = Debug|Win32
		{AFA64EC8-7939-4EB1-8E4C-980F6262EB75}.Release|x64.ActiveCfg = Release|x64
		{AFA64EC8-7939-4EB1-8E4C-980F6262EB75}.Release|x64.Build.0 = Release|x64
		{AFA64EC8-7939-4EB1-8E4C-980F6262EB75}.Release|x86.ActiveCfg = Release|Win32
		{AFA64EC8-7939-4EB1-8E4C-980F6262EB75}.Release|x86.Build.0 = Release|Win32
	EndGlobalSection
	GlobalSection(SolutionProperties) = preSolution
		HideSolutionNode = FALSE
	EndGlobalSection
	GlobalSection(ExtensibilityGlobals) = postSolution
		SolutionGuid = {4C210F44-8B70-483F-8F91-2800922826B8}
	EndGlobalSection
EndGlobal
